# This file was autogenerated by uv via the following command:
#    uv pip compile requirements.txt -o uv.lock
boto3==1.35.50
    # via -r requirements.txt
botocore==1.35.50
    # via
    #   -r requirements.txt
    #   boto3
    #   s3transfer
colorama==0.4.6
    # via
    #   -r requirements.txt
    #   pytest
iniconfig==2.0.0
    # via
    #   -r requirements.txt
    #   pytest
jmespath==1.0.1
    # via
    #   -r requirements.txt
    #   boto3
    #   botocore
packaging==24.1
    # via
    #   -r requirements.txt
    #   pytest
pluggy==1.5.0
    # via
    #   -r requirements.txt
    #   pytest
pytest==8.3.3
    # via -r requirements.txt
python-dateutil==2.9.0.post0
    # via
    #   -r requirements.txt
    #   botocore
python-dotenv==1.0.1
    # via -r requirements.txt
s3transfer==0.10.3
    # via
    #   -r requirements.txt
    #   boto3
six==1.16.0
    # via
    #   -r requirements.txt
    #   python-dateutil
urllib3==2.2.3
    # via
    #   -r requirements.txt
    #   botocore
